
Microsoft Visual Studio Solution File, Format Version 12.00
# Visual Studio Version 17
VisualStudioVersion = 17.3.32825.248
MinimumVisualStudioVersion = 10.0.40219.1
Project("{9A19103F-16F7-4668-BE54-9A1E7A4F7556}") = "Medical Management System", "Medical Management System\Medical Management System.csproj", "{819622FD-0052-4C7D-896F-3227921C3CFE}"
EndProject
Project("{9A19103F-16F7-4668-BE54-9A1E7A4F7556}") = "Medical Management System Data", "Medical Management System Data\Medical Management System Data.csproj", "{277BFA97-125B-4ECF-8BF2-AF97E69D5A79}"
EndProject
Project("{9A19103F-16F7-4668-BE54-9A1E7A4F7556}") = "Medical Management System Core", "Medical Management System Core\Medical Management System Core.csproj", "{0B007A17-5EDD-4B17-A7DD-D56741EA29BF}"
EndProject
Project("{9A19103F-16F7-4668-BE54-9A1E7A4F7556}") = "Medical Management System Service", "Medical Management System Service\Medical Management System Service.csproj", "{7A870277-07F4-4A85-9363-B389FA696775}"
EndProject
Project("{2150E333-8FDC-42A3-9474-1A3956D46DE8}") = "Solution Items", "Solution Items", "{3372429E-6D9E-4817-A1D1-2DEC1A0D4714}"
	ProjectSection(SolutionItems) = preProject
		.editorconfig = .editorconfig
	EndProjectSection
EndProject
Global
	GlobalSection(SolutionConfigurationPlatforms) = preSolution
		Debug|Any CPU = Debug|Any CPU
		Release|Any CPU = Release|Any CPU
	EndGlobalSection
	GlobalSection(ProjectConfigurationPlatforms) = postSolution
		{819622FD-0052-4C7D-896F-3227921C3CFE}.Debug|Any CPU.ActiveCfg = Debug|Any CPU
		{819622FD-0052-4C7D-896F-3227921C3CFE}.Debug|Any CPU.Build.0 = Debug|Any CPU
		{819622FD-0052-4C7D-896F-3227921C3CFE}.Release|Any CPU.ActiveCfg = Release|Any CPU
		{819622FD-0052-4C7D-896F-3227921C3CFE}.Release|Any CPU.Build.0 = Release|Any CPU
		{277BFA97-125B-4ECF-8BF2-AF97E69D5A79}.Debug|Any CPU.ActiveCfg = Debug|Any CPU
		{277BFA97-125B-4ECF-8BF2-AF97E69D5A79}.Debug|Any CPU.Build.0 = Debug|Any CPU
		{277BFA97-125B-4ECF-8BF2-AF97E69D5A79}.Release|Any CPU.ActiveCfg = Release|Any CPU
		{277BFA97-125B-4ECF-8BF2-AF97E69D5A79}.Release|Any CPU.Build.0 = Release|Any CPU
		{0B007A17-5EDD-4B17-A7DD-D56741EA29BF}.Debug|Any CPU.ActiveCfg = Debug|Any CPU
		{0B007A17-5EDD-4B17-A7DD-D56741EA29BF}.Debug|Any CPU.Build.0 = Debug|Any CPU
		{0B007A17-5EDD-4B17-A7DD-D56741EA29BF}.Release|Any CPU.ActiveCfg = Release|Any CPU
		{0B007A17-5EDD-4B17-A7DD-D56741EA29BF}.Release|Any CPU.Build.0 = Release|Any CPU
		{7A870277-07F4-4A85-9363-B389FA696775}.Debug|Any CPU.ActiveCfg = Debug|Any CPU
		{7A870277-07F4-4A85-9363-B389FA696775}.Debug|Any CPU.Build.0 = Debug|Any CPU
		{7A870277-07F4-4A85-9363-B389FA696775}.Release|Any CPU.ActiveCfg = Release|Any CPU
		{7A870277-07F4-4A85-9363-B389FA696775}.Release|Any CPU.Build.0 = Release|Any CPU
	EndGlobalSection
	GlobalSection(SolutionProperties) = preSolution
		HideSolutionNode = FALSE
	EndGlobalSection
	GlobalSection(ExtensibilityGlobals) = postSolution
		SolutionGuid = {633B5A67-AADA-4A2B-951D-8E986C8EF495}
	EndGlobalSection
EndGlobal
